
Microsoft Visual Studio Solution File, Format Version 12.00
# Visual Studio Version 17
VisualStudioVersion = 17.3.32901.215
MinimumVisualStudioVersion = 10.0.40219.1
Project("{8BC9CEB8-8B4A-11D0-8D11-00A0C91BC942}") = "Practic19.12", "Practic19.12\Practic19.12.vcxproj", "{8B3342B5-28BF-4C39-8C56-10BC90A18F89}"
EndProject
Global
	GlobalSection(SolutionConfigurationPlatforms) = preSolution
		Debug|x64 = Debug|x64
		Debug|x86 = Debug|x86
		Release|x64 = Release|x64
		Release|x86 = Release|x86
	EndGlobalSection
	GlobalSection(ProjectConfigurationPlatforms) = postSolution
		{8B3342B5-28BF-4C39-8C56-10BC90A18F89}.Debug|x64.ActiveCfg = Debug|x64
		{8B3342B5-28BF-4C39-8C56-10BC90A18F89}.Debug|x64.Build.0 = Debug|x64
		{8B3342B5-28BF-4C39-8C56-10BC90A18F89}.Debug|x86.ActiveCfg = Debug|Win32
		{8B3342B5-28BF-4C39-8C56-10BC90A18F89}.Debug|x86.Build.0 = Debug|Win32
		{8B3342B5-28BF-4C39-8C56-10BC90A18F89}.Release|x64.ActiveCfg = Release|x64
		{8B3342B5-28BF-4C39-8C56-10BC90A18F89}.Release|x64.Build.0 = Release|x64
		{8B3342B5-28BF-4C39-8C56-10BC90A18F89}.Release|x86.ActiveCfg = Release|Win32
		{8B3342B5-28BF-4C39-8C56-10BC90A18F89}.Release|x86.Build.0 = Release|Win32
	EndGlobalSection
	GlobalSection(SolutionProperties) = preSolution
		HideSolutionNode = FALSE
	EndGlobalSection
	GlobalSection(ExtensibilityGlobals) = postSolution
		SolutionGuid = {15042E2F-DDC0-41A4-8BFE-15FE01480B62}
	EndGlobalSection
EndGlobal
